<?xml version="1.0" encoding="utf-8"?>
<Project ToolsVersion="4.0" xmlns="http://schemas.microsoft.com/developer/msbuild/2003">
  <ItemGroup>
    <Filter Include="lib">
      <UniqueIdentifier>{c32a2368-9d91-4d56-9ef3-a4cfdf709dfe}</UniqueIdentifier>
    </Filter>
    <Filter Include="src">
      <UniqueIdentifier>{f550f197-2dda-47b8-b385-90e557cfa7ce}</UniqueIdentifier>
    </Filter>
    <Filter Include="bin">
      <UniqueIdentifier>{a5264100-52cf-45e4-a714-9dc5c9e5c56f}</UniqueIdentifier>
    </Filter>
    <Filter Include="bin\debug_win32">
      <UniqueIdentifier>{fb8abe3c-2245-43b6-9836-5d1f0ff03d9c}</UniqueIdentifier>
    </Filter>
    <Filter Include="bin\release_win32">
      <UniqueIdentifier>{d04e5327-6997-4e85-9f18-f445e582f301}</UniqueIdentifier>
    </Filter>
    <Filter Include="lib\persist">
      <UniqueIdentifier>{0ec90bdc-79c7-4988-a986-66549783f442}</UniqueIdentifier>
    </Filter>
    <Filter Include="src\persist">
      <UniqueIdentifier>{bbed05e7-727b-4d0b-bfe3-1e0cbd4cf390}</UniqueIdentifier>
    </Filter>
  </ItemGroup>
  <ItemGroup>
    <ClCompile Include="..\PrecHeader.cpp">
      <Filter>src</Filter>
    </ClCompile>
    <ClCompile Include="..\persist\Recordset.cpp">
      <Filter>src\persist</Filter>
    </ClCompile>
    <ClCompile Include="..\persist\PersistAddress.cpp">
      <Filter>src\persist</Filter>
    </ClCompile>
    <ClCompile Include="..\persist\MySql.cpp">
      <Filter>src\persist</Filter>
    </ClCompile>
  </ItemGroup>
  <ItemGroup>
    <ClInclude Include="..\..\..\..\..\contrib\eco\persist\ObjectMapping.h">
      <Filter>lib\persist</Filter>
    </ClInclude>
    <ClInclude Include="..\..\..\..\..\contrib\eco\persist\PropertyMapping.h">
      <Filter>lib\persist</Filter>
    </ClInclude>
    <ClInclude Include="..\..\..\..\..\contrib\eco\persist\Database.h">
      <Filter>lib\persist</Filter>
    </ClInclude>
    <ClInclude Include="..\..\..\..\..\contrib\eco\persist\MySql.h">
      <Filter>lib\persist</Filter>
    </ClInclude>
    <ClInclude Include="..\..\..\..\..\contrib\eco\persist\Recordset.h">
      <Filter>lib\persist</Filter>
    </ClInclude>
    <ClInclude Include="..\..\..\..\..\contrib\eco\persist\DatabaseConfig.h">
      <Filter>lib\persist</Filter>
    </ClInclude>
    <ClInclude Include="..\PrecHeader.h">
      <Filter>src</Filter>
    </ClInclude>
  </ItemGroup>
  <ItemGroup>
    <None Include="..\..\..\..\..\contrib\eco\lib_vc141\debug\eco_mysql.dll">
      <Filter>bin\debug_win32</Filter>
    </None>
    <None Include="..\..\..\..\..\contrib\eco\lib_vc141\release\eco_mysql.dll">
      <Filter>bin\release_win32</Filter>
    </None>
  </ItemGroup>
  <ItemGroup>
    <Library Include="..\..\..\..\..\contrib\eco\lib_vc141\debug\eco_mysql.lib">
      <Filter>bin\debug_win32</Filter>
    </Library>
    <Library Include="..\..\..\..\..\contrib\eco\lib_vc141\release\eco_mysql.lib">
      <Filter>bin\release_win32</Filter>
    </Library>
  </ItemGroup>
</Project>