<?xml version="1.0" encoding="utf-8"?>
<Project ToolsVersion="4.0" xmlns="http://schemas.microsoft.com/developer/msbuild/2003">
  <ItemGroup>
    <Filter Include="lib">
      <UniqueIdentifier>{c32a2368-9d91-4d56-9ef3-a4cfdf709dfe}</UniqueIdentifier>
    </Filter>
    <Filter Include="src">
      <UniqueIdentifier>{f550f197-2dda-47b8-b385-90e557cfa7ce}</UniqueIdentifier>
    </Filter>
    <Filter Include="src\persist">
      <UniqueIdentifier>{aefbcd6f-c706-4106-a331-81af91efd00b}</UniqueIdentifier>
    </Filter>
    <Filter Include="lib\sqlite">
      <UniqueIdentifier>{00e18af0-2aba-4a2a-ab63-4cefc2713241}</UniqueIdentifier>
    </Filter>
    <Filter Include="bin">
      <UniqueIdentifier>{caa15a50-383c-4d02-b046-9bb0a87a371d}</UniqueIdentifier>
    </Filter>
    <Filter Include="bin\win32_debug">
      <UniqueIdentifier>{8f2a2b89-bf2f-4e3e-8b52-8de197df8f05}</UniqueIdentifier>
    </Filter>
    <Filter Include="bin\win32_release">
      <UniqueIdentifier>{aa04c79a-87bf-46a1-b02f-60375f8d4436}</UniqueIdentifier>
    </Filter>
    <Filter Include="bin\win64_debug">
      <UniqueIdentifier>{dbfa00f4-aaa5-4c74-aa8d-0734b5a4ec52}</UniqueIdentifier>
    </Filter>
    <Filter Include="bin\win64_release">
      <UniqueIdentifier>{63695624-08e5-4f27-8624-64561e8371d6}</UniqueIdentifier>
    </Filter>
  </ItemGroup>
  <ItemGroup>
    <ClCompile Include="..\PrecHeader.cpp">
      <Filter>src</Filter>
    </ClCompile>
    <ClCompile Include="..\persist\Recordset.cpp">
      <Filter>src\persist</Filter>
    </ClCompile>
    <ClCompile Include="..\persist\Sqlite.cpp">
      <Filter>src\persist</Filter>
    </ClCompile>
    <ClCompile Include="..\persist\PersistAddress.cpp">
      <Filter>src\persist</Filter>
    </ClCompile>
    <ClCompile Include="..\..\..\..\com\sqlite3.13.0\sqlite\sqlite3.c">
      <Filter>lib\sqlite</Filter>
    </ClCompile>
  </ItemGroup>
  <ItemGroup>
    <ClInclude Include="..\PrecHeader.h">
      <Filter>src</Filter>
    </ClInclude>
    <ClInclude Include="..\..\..\..\com\sqlite3.13.0\sqlite\sqlite3.h">
      <Filter>lib\sqlite</Filter>
    </ClInclude>
    <ClInclude Include="..\..\..\..\com\sqlite3.13.0\sqlite\sqlite3ext.h">
      <Filter>lib\sqlite</Filter>
    </ClInclude>
  </ItemGroup>
  <ItemGroup>
    <None Include="..\..\..\..\lib\eco3.0.0\lib_vc141\Debug\eco_sqlite.dll">
      <Filter>bin\win32_debug</Filter>
    </None>
    <None Include="..\..\..\..\lib\eco3.0.0\lib_vc141_x64\Debug\eco_sqlite.dll">
      <Filter>bin\win64_debug</Filter>
    </None>
    <None Include="..\..\..\..\lib\eco3.0.0\lib_vc141_x64\Release\eco_sqlite.dll">
      <Filter>bin\win64_release</Filter>
    </None>
    <None Include="..\..\..\..\lib\eco3.0.0\lib_vc141\Release\eco_sqlite.dll">
      <Filter>bin\win32_release</Filter>
    </None>
  </ItemGroup>
  <ItemGroup>
    <Library Include="..\..\..\..\lib\eco3.0.0\lib_vc141\Debug\eco_sqlite.lib">
      <Filter>bin\win32_debug</Filter>
    </Library>
    <Library Include="..\..\..\..\lib\eco3.0.0\lib_vc141_x64\Debug\eco_sqlite.lib">
      <Filter>bin\win64_debug</Filter>
    </Library>
    <Library Include="..\..\..\..\lib\eco3.0.0\lib_vc141_x64\Release\eco_sqlite.lib">
      <Filter>bin\win64_release</Filter>
    </Library>
    <Library Include="..\..\..\..\lib\eco3.0.0\lib_vc141\Release\eco_sqlite.lib">
      <Filter>bin\win32_release</Filter>
    </Library>
  </ItemGroup>
</Project>