<?xml version="1.0" encoding="utf-8"?>
<Project ToolsVersion="4.0" xmlns="http://schemas.microsoft.com/developer/msbuild/2003">
  <ItemGroup>
    <Filter Include="lib">
      <UniqueIdentifier>{c32a2368-9d91-4d56-9ef3-a4cfdf709dfe}</UniqueIdentifier>
    </Filter>
    <Filter Include="src">
      <UniqueIdentifier>{f550f197-2dda-47b8-b385-90e557cfa7ce}</UniqueIdentifier>
    </Filter>
    <Filter Include="bin">
      <UniqueIdentifier>{a5264100-52cf-45e4-a714-9dc5c9e5c56f}</UniqueIdentifier>
    </Filter>
    <Filter Include="src\app">
      <UniqueIdentifier>{ca7dd334-5ad7-4a6a-8871-a381931f3b76}</UniqueIdentifier>
    </Filter>
    <Filter Include="src\thread">
      <UniqueIdentifier>{558f63be-ef5f-4597-972c-f6a9c4de0027}</UniqueIdentifier>
    </Filter>
    <Filter Include="src\xml">
      <UniqueIdentifier>{308eca93-0cc3-49e2-9e73-d99cb4e7605c}</UniqueIdentifier>
    </Filter>
    <Filter Include="src\log">
      <UniqueIdentifier>{06d2c01d-551a-4091-854a-8adf6fe018b4}</UniqueIdentifier>
    </Filter>
    <Filter Include="src\process">
      <UniqueIdentifier>{b3094940-8cf0-4045-bd2a-727d7ecba965}</UniqueIdentifier>
    </Filter>
    <Filter Include="src\net">
      <UniqueIdentifier>{07d61343-23c3-4161-9e74-35e1f9f01df6}</UniqueIdentifier>
    </Filter>
    <Filter Include="src\filesystem">
      <UniqueIdentifier>{d0208d78-48b9-4522-913e-0b84f2474a77}</UniqueIdentifier>
    </Filter>
    <Filter Include="src\cmd">
      <UniqueIdentifier>{d2af605a-9dcc-404e-9537-24b0ca9c2332}</UniqueIdentifier>
    </Filter>
    <Filter Include="src\persist">
      <UniqueIdentifier>{82864439-74b4-43a9-a788-ad364a9885e1}</UniqueIdentifier>
    </Filter>
    <Filter Include="src\service">
      <UniqueIdentifier>{e9b7b5fe-33e1-42df-907c-77a087144db7}</UniqueIdentifier>
    </Filter>
    <Filter Include="src\service\dev">
      <UniqueIdentifier>{1108981d-8de4-499e-9455-0370adf2a003}</UniqueIdentifier>
    </Filter>
    <Filter Include="src\net\asio">
      <UniqueIdentifier>{4fe7f062-ae1d-449f-bd0b-98ae19bbfaa5}</UniqueIdentifier>
    </Filter>
    <Filter Include="src\media">
      <UniqueIdentifier>{cf51c5b7-579f-478f-bfe1-8be176a8b8b6}</UniqueIdentifier>
    </Filter>
    <Filter Include="src\web">
      <UniqueIdentifier>{4f3eb62b-b7bd-4f2f-bd49-ab5ef2f2d108}</UniqueIdentifier>
    </Filter>
    <Filter Include="src\test">
      <UniqueIdentifier>{6d0284ef-9d79-423b-a48a-b71ec68d7abd}</UniqueIdentifier>
    </Filter>
    <Filter Include="src\date_time">
      <UniqueIdentifier>{4fef2ddd-98c1-49ee-a536-686a2aaff347}</UniqueIdentifier>
    </Filter>
    <Filter Include="pak">
      <UniqueIdentifier>{9b04326a-ffe4-47d0-912c-deacbbcc6359}</UniqueIdentifier>
    </Filter>
    <Filter Include="src\sys">
      <UniqueIdentifier>{7003d1d1-e5d7-410a-b47a-11c85240d7b6}</UniqueIdentifier>
    </Filter>
    <Filter Include="src\loc">
      <UniqueIdentifier>{31ea4e52-ce24-46a7-96e5-b8ffd3941f00}</UniqueIdentifier>
    </Filter>
    <Filter Include="lib\ops">
      <UniqueIdentifier>{d2870a7f-ecaf-4096-bbe2-1a6fc8201798}</UniqueIdentifier>
    </Filter>
    <Filter Include="pak\locale">
      <UniqueIdentifier>{00ea1df7-6c0b-486a-806e-e9a199f15e83}</UniqueIdentifier>
    </Filter>
    <Filter Include="pak\locale\zh-cn">
      <UniqueIdentifier>{a88edb46-db2a-413e-bc97-4bc20197a300}</UniqueIdentifier>
    </Filter>
    <Filter Include="pak\locale\us-en">
      <UniqueIdentifier>{44c0c23a-7dc8-4d04-908d-a1de047fdbf3}</UniqueIdentifier>
    </Filter>
    <Filter Include="src\codec">
      <UniqueIdentifier>{db603195-4ac8-436a-a0a5-5b41b5d344dd}</UniqueIdentifier>
    </Filter>
    <Filter Include="src\net\protocol">
      <UniqueIdentifier>{34711a30-fe2d-4f5c-9cb2-1b8df83e71e7}</UniqueIdentifier>
    </Filter>
    <Filter Include="bin\win64_debug">
      <UniqueIdentifier>{6ebc95ee-f41a-4092-8f9e-71d3b178dddc}</UniqueIdentifier>
    </Filter>
    <Filter Include="bin\win32_release">
      <UniqueIdentifier>{d04e5327-6997-4e85-9f18-f445e582f301}</UniqueIdentifier>
    </Filter>
    <Filter Include="bin\win32_debug">
      <UniqueIdentifier>{fb8abe3c-2245-43b6-9836-5d1f0ff03d9c}</UniqueIdentifier>
    </Filter>
    <Filter Include="bin\win64_release">
      <UniqueIdentifier>{b4d803b1-c81f-432d-8963-41561ad118dc}</UniqueIdentifier>
    </Filter>
    <Filter Include="lib\eco">
      <UniqueIdentifier>{da8a0393-bcd0-496b-a16d-6ae69da1f78e}</UniqueIdentifier>
    </Filter>
  </ItemGroup>
  <ItemGroup>
    <ClCompile Include="..\Config.cpp">
      <Filter>src\app</Filter>
    </ClCompile>
    <ClCompile Include="..\xml\Reader.cpp">
      <Filter>src\xml</Filter>
    </ClCompile>
    <ClCompile Include="..\process\ProcessWin.cpp">
      <Filter>src\process</Filter>
    </ClCompile>
    <ClCompile Include="..\net\Net.cpp">
      <Filter>src\net</Filter>
    </ClCompile>
    <ClCompile Include="..\log\FileSink.cpp">
      <Filter>src\log</Filter>
    </ClCompile>
    <ClCompile Include="..\RxHeap.cpp">
      <Filter>src\app</Filter>
    </ClCompile>
    <ClCompile Include="..\cmd\Class.cpp">
      <Filter>src\cmd</Filter>
    </ClCompile>
    <ClCompile Include="..\cmd\Context.cpp">
      <Filter>src\cmd</Filter>
    </ClCompile>
    <ClCompile Include="..\cmd\Engine.cpp">
      <Filter>src\cmd</Filter>
    </ClCompile>
    <ClCompile Include="..\cmd\Group.cpp">
      <Filter>src\cmd</Filter>
    </ClCompile>
    <ClCompile Include="..\cmd\Inner.cpp">
      <Filter>src\cmd</Filter>
    </ClCompile>
    <ClCompile Include="..\DllObject.cpp">
      <Filter>src\app</Filter>
    </ClCompile>
    <ClCompile Include="..\DllObjectWin.cpp">
      <Filter>src\app</Filter>
    </ClCompile>
    <ClCompile Include="..\net\TcpServer.cpp">
      <Filter>src\net</Filter>
    </ClCompile>
    <ClCompile Include="..\net\asio\TcpAcceptor.cpp">
      <Filter>src\net\asio</Filter>
    </ClCompile>
    <ClCompile Include="..\net\asio\TcpConnector.cpp">
      <Filter>src\net\asio</Filter>
    </ClCompile>
    <ClCompile Include="..\net\asio\Worker.cpp">
      <Filter>src\net\asio</Filter>
    </ClCompile>
    <ClCompile Include="..\service\dev\Horizontal.cpp">
      <Filter>src\service\dev</Filter>
    </ClCompile>
    <ClCompile Include="..\persist\CsvSource.cpp">
      <Filter>src\persist</Filter>
    </ClCompile>
    <ClCompile Include="..\net\Address.cpp">
      <Filter>src\net</Filter>
    </ClCompile>
    <ClCompile Include="..\service\Cluster.cpp">
      <Filter>src\service</Filter>
    </ClCompile>
    <ClCompile Include="..\service\Deployment.cpp">
      <Filter>src\service</Filter>
    </ClCompile>
    <ClCompile Include="..\service\DidProtocol.cpp">
      <Filter>src\service</Filter>
    </ClCompile>
    <ClCompile Include="..\service\Machine.cpp">
      <Filter>src\service</Filter>
    </ClCompile>
    <ClCompile Include="..\service\Service.cpp">
      <Filter>src\service</Filter>
    </ClCompile>
    <ClCompile Include="..\net\TcpPeer.cpp">
      <Filter>src\net</Filter>
    </ClCompile>
    <ClCompile Include="..\App.cpp">
      <Filter>src\app</Filter>
    </ClCompile>
    <ClCompile Include="..\Eco.cpp">
      <Filter>src\app</Filter>
    </ClCompile>
    <ClCompile Include="..\media\MediaWin.cpp">
      <Filter>src\media</Filter>
    </ClCompile>
    <ClCompile Include="..\web\Html.cpp">
      <Filter>src\web</Filter>
    </ClCompile>
    <ClCompile Include="..\web\Json.cpp">
      <Filter>src\web</Filter>
    </ClCompile>
    <ClCompile Include="..\test\Timing.cpp">
      <Filter>src\test</Filter>
    </ClCompile>
    <ClCompile Include="..\service\dev\ClusterDev.cpp">
      <Filter>src\service\dev</Filter>
    </ClCompile>
    <ClCompile Include="..\net\TcpClient.cpp">
      <Filter>src\net</Filter>
    </ClCompile>
    <ClCompile Include="..\net\TcpSession.cpp">
      <Filter>src\net</Filter>
    </ClCompile>
    <ClCompile Include="..\PrecHeader.cpp">
      <Filter>src</Filter>
    </ClCompile>
    <ClCompile Include="..\net\Router.cpp">
      <Filter>src\net</Filter>
    </ClCompile>
    <ClCompile Include="..\persist\PersistAddress.cpp">
      <Filter>src\persist</Filter>
    </ClCompile>
    <ClCompile Include="..\persist\Persist.cpp">
      <Filter>src\persist</Filter>
    </ClCompile>
    <ClCompile Include="..\persist\Recordset.cpp">
      <Filter>src\persist</Filter>
    </ClCompile>
    <ClCompile Include="..\data_time\DateTime.cpp">
      <Filter>src\date_time</Filter>
    </ClCompile>
    <ClCompile Include="..\log\Core.cpp">
      <Filter>src\log</Filter>
    </ClCompile>
    <ClCompile Include="..\Type.cpp">
      <Filter>src\app</Filter>
    </ClCompile>
    <ClCompile Include="..\net\Subscriber.cpp">
      <Filter>src\net</Filter>
    </ClCompile>
    <ClCompile Include="..\thread\Thread.cpp">
      <Filter>src\thread</Filter>
    </ClCompile>
    <ClCompile Include="..\net\TcpOption.cpp">
      <Filter>src\net</Filter>
    </ClCompile>
    <ClCompile Include="..\net\Protocol.cpp">
      <Filter>src\net</Filter>
    </ClCompile>
    <ClCompile Include="..\loc\Locale.cpp">
      <Filter>src\loc</Filter>
    </ClCompile>
    <ClCompile Include="..\sys\Sys.cpp">
      <Filter>src\sys</Filter>
    </ClCompile>
    <ClCompile Include="..\sys\SysWin.cpp">
      <Filter>src\sys</Filter>
    </ClCompile>
    <ClCompile Include="..\sys\WinConsoleEvent.cpp">
      <Filter>src\sys</Filter>
    </ClCompile>
    <ClCompile Include="..\sys\WinDump.cpp">
      <Filter>src\sys</Filter>
    </ClCompile>
    <ClCompile Include="..\thread\Error.cpp">
      <Filter>src\thread</Filter>
    </ClCompile>
    <ClCompile Include="..\codec\Codec.cpp">
      <Filter>src\codec</Filter>
    </ClCompile>
    <ClCompile Include="..\codec\base64.cpp">
      <Filter>src\codec</Filter>
    </ClCompile>
    <ClCompile Include="..\codec\md5.cpp">
      <Filter>src\codec</Filter>
    </ClCompile>
    <ClCompile Include="..\codec\sha1.cpp">
      <Filter>src\codec</Filter>
    </ClCompile>
    <ClCompile Include="..\..\..\..\lib\eco3.1.0\eco\ops\Monitor.pb.cc">
      <Filter>lib\ops</Filter>
    </ClCompile>
    <ClCompile Include="..\..\..\..\lib\eco3.1.0\eco\eco\Eco.pb.cc">
      <Filter>lib\eco</Filter>
    </ClCompile>
  </ItemGroup>
  <ItemGroup>
    <ClInclude Include="..\log\Queue.h">
      <Filter>src\log</Filter>
    </ClInclude>
    <ClInclude Include="..\log\Server.h">
      <Filter>src\log</Filter>
    </ClInclude>
    <ClInclude Include="..\log\FileSink.h">
      <Filter>src\log</Filter>
    </ClInclude>
    <ClInclude Include="..\cmd\Inner.h">
      <Filter>src\cmd</Filter>
    </ClInclude>
    <ClInclude Include="..\service\Impl.h">
      <Filter>src\service</Filter>
    </ClInclude>
    <ClInclude Include="..\PrecHeader.h">
      <Filter>src</Filter>
    </ClInclude>
    <ClInclude Include="..\net\Router.h">
      <Filter>src\net</Filter>
    </ClInclude>
    <ClInclude Include="..\Impl.h">
      <Filter>src\app</Filter>
    </ClInclude>
    <ClInclude Include="..\xml\Impl.h">
      <Filter>src\xml</Filter>
    </ClInclude>
    <ClInclude Include="..\loc\Language.h">
      <Filter>src\loc</Filter>
    </ClInclude>
    <ClInclude Include="..\net\TcpStatistics.h">
      <Filter>src\net</Filter>
    </ClInclude>
    <ClInclude Include="..\codec\base64.h">
      <Filter>src\codec</Filter>
    </ClInclude>
    <ClInclude Include="..\codec\Codec.h">
      <Filter>src\codec</Filter>
    </ClInclude>
    <ClInclude Include="..\codec\md5.h">
      <Filter>src\codec</Filter>
    </ClInclude>
    <ClInclude Include="..\codec\sha1.h">
      <Filter>src\codec</Filter>
    </ClInclude>
    <ClInclude Include="..\net\protocol\WebSocketProtocol.h">
      <Filter>src\net\protocol</Filter>
    </ClInclude>
    <ClInclude Include="..\net\protocol\WebSocketShakeHand.h">
      <Filter>src\net\protocol</Filter>
    </ClInclude>
    <ClInclude Include="..\..\..\..\lib\eco3.1.0\eco\ops\Monitor.pb.h">
      <Filter>lib\ops</Filter>
    </ClInclude>
    <ClInclude Include="..\..\..\..\lib\eco3.1.0\eco\ops\Ops.h">
      <Filter>lib\ops</Filter>
    </ClInclude>
    <ClInclude Include="..\..\..\..\lib\eco3.1.0\eco\eco\Eco.pb.h">
      <Filter>lib\eco</Filter>
    </ClInclude>
    <ClInclude Include="..\..\..\..\lib\eco3.1.0\eco\eco\Proto.h">
      <Filter>lib\eco</Filter>
    </ClInclude>
  </ItemGroup>
  <ItemGroup>
    <None Include="..\cmd\Engine.ipp">
      <Filter>src\cmd</Filter>
    </None>
    <None Include="..\net\TcpServer.ipp">
      <Filter>src\net</Filter>
    </None>
    <None Include="..\net\TcpPeer.ipp">
      <Filter>src\net</Filter>
    </None>
    <None Include="..\web\JsonClassFinder.ipp">
      <Filter>src\web</Filter>
    </None>
    <None Include="..\web\HtmlClassFinder.ipp">
      <Filter>src\web</Filter>
    </None>
    <None Include="..\net\TcpClient.ipp">
      <Filter>src\net</Filter>
    </None>
    <None Include="..\net\TcpOuter.h">
      <Filter>src\net</Filter>
    </None>
    <None Include="..\Eco.ipp">
      <Filter>src\app</Filter>
    </None>
    <None Include="..\..\pak\locale\en-us\error.json">
      <Filter>pak\locale\us-en</Filter>
    </None>
    <None Include="..\..\pak\locale\zh-cn\error.json">
      <Filter>pak\locale\zh-cn</Filter>
    </None>
    <None Include="..\..\..\..\lib\eco3.0.0\lib_vc141\Debug\eco.dll">
      <Filter>bin\win32_debug</Filter>
    </None>
    <None Include="..\..\..\..\lib\eco3.0.0\lib_vc141_x64\Debug\eco.dll">
      <Filter>bin\win64_debug</Filter>
    </None>
    <None Include="..\..\..\..\lib\eco3.0.0\lib_vc141_x64\Release\eco.dll">
      <Filter>bin\win64_release</Filter>
    </None>
    <None Include="..\..\..\..\lib\eco3.0.0\lib_vc141\Release\eco.dll">
      <Filter>bin\win32_release</Filter>
    </None>
    <None Include="..\..\..\..\lib\eco3.1.0\eco\ops\Monitor.proto">
      <Filter>lib\ops</Filter>
    </None>
    <None Include="..\..\..\..\lib\eco3.1.0\eco\ops\Monitor_pb.js">
      <Filter>lib\ops</Filter>
    </None>
    <None Include="..\..\..\..\lib\eco3.1.0\eco\ops\proto.bat">
      <Filter>lib\ops</Filter>
    </None>
    <None Include="..\..\..\..\lib\eco3.1.0\eco\eco\Eco.proto">
      <Filter>lib\eco</Filter>
    </None>
    <None Include="..\..\..\..\lib\eco3.1.0\eco\eco\Eco_pb.js">
      <Filter>lib\eco</Filter>
    </None>
    <None Include="..\..\..\..\lib\eco3.1.0\eco\eco\proto.bat">
      <Filter>lib\eco</Filter>
    </None>
  </ItemGroup>
  <ItemGroup>
    <Xml Include="..\..\pak\eco.sys.xml">
      <Filter>pak</Filter>
    </Xml>
    <Xml Include="..\..\pak\eco.xml">
      <Filter>pak</Filter>
    </Xml>
    <Xml Include="..\..\pak\locale\en-us\error.xml">
      <Filter>pak\locale\us-en</Filter>
    </Xml>
    <Xml Include="..\..\pak\locale\zh-cn\error.xml">
      <Filter>pak\locale\zh-cn</Filter>
    </Xml>
    <Xml Include="..\..\pak\locale\zh-cn\word.xml">
      <Filter>pak\locale\zh-cn</Filter>
    </Xml>
  </ItemGroup>
  <ItemGroup>
    <Library Include="..\..\..\..\lib\eco3.0.0\lib_vc141\Debug\eco.lib">
      <Filter>bin\win32_debug</Filter>
    </Library>
    <Library Include="..\..\..\..\lib\eco3.0.0\lib_vc141_x64\Debug\eco.lib">
      <Filter>bin\win64_debug</Filter>
    </Library>
    <Library Include="..\..\..\..\lib\eco3.0.0\lib_vc141_x64\Release\eco.lib">
      <Filter>bin\win64_release</Filter>
    </Library>
    <Library Include="..\..\..\..\lib\eco3.0.0\lib_vc141\Release\eco.lib">
      <Filter>bin\win32_release</Filter>
    </Library>
  </ItemGroup>
</Project>