
Microsoft Visual Studio Solution File, Format Version 11.00
# Visual Studio 2010
Project("{2150E333-8FDC-42A3-9474-1A3956D46DE8}") = "eco", "eco", "{81076E88-3DB0-45E0-B06C-4FD24F273EDF}"
EndProject
Project("{2150E333-8FDC-42A3-9474-1A3956D46DE8}") = "utest", "utest", "{8B2FF9F3-FBF7-4801-BEED-1C6DE5CC7BA7}"
EndProject
Project("{2150E333-8FDC-42A3-9474-1A3956D46DE8}") = "test", "test", "{90E8FE20-6588-4812-9524-2A4C0919B3EC}"
EndProject
Project("{8BC9CEB8-8B4A-11D0-8D11-00A0C91BC942}") = "eco", "..\src\win32\eco_vc100.vcxproj", "{0E757008-9077-44EB-9245-E7E7A1AE9296}"
EndProject
Project("{8BC9CEB8-8B4A-11D0-8D11-00A0C91BC942}") = "eco_mysql", "..\src\win32\eco_mysql_vc100.vcxproj", "{4EA40B21-093C-42F2-A972-95902B1606E1}"
EndProject
Project("{8BC9CEB8-8B4A-11D0-8D11-00A0C91BC942}") = "eco_sqlite", "..\src\win32\eco_sqlite_vc100.vcxproj", "{A1755EA1-4418-4FC8-8541-40E4B6FC6593}"
EndProject
Project("{8BC9CEB8-8B4A-11D0-8D11-00A0C91BC942}") = "Cmd", "..\src_utt\cmd\cmd_vc100.vcxproj", "{672E2F07-4636-4A5F-9759-50871AF2D567}"
EndProject
Project("{8BC9CEB8-8B4A-11D0-8D11-00A0C91BC942}") = "Log", "..\src_utt\log\Log_vc100.vcxproj", "{2F8DEACA-A699-4ACF-B136-7B7058809469}"
EndProject
Project("{8BC9CEB8-8B4A-11D0-8D11-00A0C91BC942}") = "Ops", "..\src_utt\ops\ops_vc100.vcxproj", "{4C026ECD-4C9B-4D8B-B81B-F82BC04EF49C}"
EndProject
Project("{8BC9CEB8-8B4A-11D0-8D11-00A0C91BC942}") = "Persist", "..\src_utt\persist\Persist_vc100.vcxproj", "{277E05E9-6072-447C-B4C0-892B9B403165}"
EndProject
Global
	GlobalSection(SolutionConfigurationPlatforms) = preSolution
		Debug|Win32 = Debug|Win32
		Release|Win32 = Release|Win32
	EndGlobalSection
	GlobalSection(ProjectConfigurationPlatforms) = postSolution
		{0E757008-9077-44EB-9245-E7E7A1AE9296}.Debug|Win32.ActiveCfg = Debug|Win32
		{0E757008-9077-44EB-9245-E7E7A1AE9296}.Debug|Win32.Build.0 = Debug|Win32
		{0E757008-9077-44EB-9245-E7E7A1AE9296}.Release|Win32.ActiveCfg = Release|Win32
		{0E757008-9077-44EB-9245-E7E7A1AE9296}.Release|Win32.Build.0 = Release|Win32
		{4EA40B21-093C-42F2-A972-95902B1606E1}.Debug|Win32.ActiveCfg = Debug|Win32
		{4EA40B21-093C-42F2-A972-95902B1606E1}.Debug|Win32.Build.0 = Debug|Win32
		{4EA40B21-093C-42F2-A972-95902B1606E1}.Release|Win32.ActiveCfg = Release|Win32
		{4EA40B21-093C-42F2-A972-95902B1606E1}.Release|Win32.Build.0 = Release|Win32
		{A1755EA1-4418-4FC8-8541-40E4B6FC6593}.Debug|Win32.ActiveCfg = Debug|Win32
		{A1755EA1-4418-4FC8-8541-40E4B6FC6593}.Debug|Win32.Build.0 = Debug|Win32
		{A1755EA1-4418-4FC8-8541-40E4B6FC6593}.Release|Win32.ActiveCfg = Release|Win32
		{A1755EA1-4418-4FC8-8541-40E4B6FC6593}.Release|Win32.Build.0 = Release|Win32
		{672E2F07-4636-4A5F-9759-50871AF2D567}.Debug|Win32.ActiveCfg = Debug|Win32
		{672E2F07-4636-4A5F-9759-50871AF2D567}.Debug|Win32.Build.0 = Debug|Win32
		{672E2F07-4636-4A5F-9759-50871AF2D567}.Release|Win32.ActiveCfg = Release|Win32
		{672E2F07-4636-4A5F-9759-50871AF2D567}.Release|Win32.Build.0 = Release|Win32
		{2F8DEACA-A699-4ACF-B136-7B7058809469}.Debug|Win32.ActiveCfg = Debug|Win32
		{2F8DEACA-A699-4ACF-B136-7B7058809469}.Debug|Win32.Build.0 = Debug|Win32
		{2F8DEACA-A699-4ACF-B136-7B7058809469}.Release|Win32.ActiveCfg = Release|Win32
		{2F8DEACA-A699-4ACF-B136-7B7058809469}.Release|Win32.Build.0 = Release|Win32
		{4C026ECD-4C9B-4D8B-B81B-F82BC04EF49C}.Debug|Win32.ActiveCfg = Debug|Win32
		{4C026ECD-4C9B-4D8B-B81B-F82BC04EF49C}.Debug|Win32.Build.0 = Debug|Win32
		{4C026ECD-4C9B-4D8B-B81B-F82BC04EF49C}.Release|Win32.ActiveCfg = Release|Win32
		{4C026ECD-4C9B-4D8B-B81B-F82BC04EF49C}.Release|Win32.Build.0 = Release|Win32
		{277E05E9-6072-447C-B4C0-892B9B403165}.Debug|Win32.ActiveCfg = Debug|Win32
		{277E05E9-6072-447C-B4C0-892B9B403165}.Debug|Win32.Build.0 = Debug|Win32
		{277E05E9-6072-447C-B4C0-892B9B403165}.Release|Win32.ActiveCfg = Release|Win32
		{277E05E9-6072-447C-B4C0-892B9B403165}.Release|Win32.Build.0 = Release|Win32
	EndGlobalSection
	GlobalSection(SolutionProperties) = preSolution
		HideSolutionNode = FALSE
	EndGlobalSection
	GlobalSection(NestedProjects) = preSolution
		{0E757008-9077-44EB-9245-E7E7A1AE9296} = {81076E88-3DB0-45E0-B06C-4FD24F273EDF}
		{4EA40B21-093C-42F2-A972-95902B1606E1} = {81076E88-3DB0-45E0-B06C-4FD24F273EDF}
		{A1755EA1-4418-4FC8-8541-40E4B6FC6593} = {81076E88-3DB0-45E0-B06C-4FD24F273EDF}
		{672E2F07-4636-4A5F-9759-50871AF2D567} = {8B2FF9F3-FBF7-4801-BEED-1C6DE5CC7BA7}
		{2F8DEACA-A699-4ACF-B136-7B7058809469} = {8B2FF9F3-FBF7-4801-BEED-1C6DE5CC7BA7}
		{4C026ECD-4C9B-4D8B-B81B-F82BC04EF49C} = {8B2FF9F3-FBF7-4801-BEED-1C6DE5CC7BA7}
		{277E05E9-6072-447C-B4C0-892B9B403165} = {8B2FF9F3-FBF7-4801-BEED-1C6DE5CC7BA7}
	EndGlobalSection
EndGlobal
